
Microsoft Visual Studio Solution File, Format Version 12.00
# Visual Studio Version 17
VisualStudioVersion = 17.11.35222.181
MinimumVisualStudioVersion = 10.0.40219.1
Project("{FAE04EC0-301F-11D3-BF4B-00C04F79EFBC}") = "WPRProject", "WPRProject\WPRProject.csproj", "{86B4E385-8BCB-4B97-9C7B-BDEDCC4F372F}"
EndProject
Global
	GlobalSection(SolutionConfigurationPlatforms) = preSolution
		Debug|Any CPU = Debug|Any CPU
		Release|Any CPU = Release|Any CPU
	EndGlobalSection
	GlobalSection(ProjectConfigurationPlatforms) = postSolution
		{86B4E385-8BCB-4B97-9C7B-BDEDCC4F372F}.Debug|Any CPU.ActiveCfg = Debug|Any CPU
		{86B4E385-8BCB-4B97-9C7B-BDEDCC4F372F}.Debug|Any CPU.Build.0 = Debug|Any CPU
		{86B4E385-8BCB-4B97-9C7B-BDEDCC4F372F}.Release|Any CPU.ActiveCfg = Release|Any CPU
		{86B4E385-8BCB-4B97-9C7B-BDEDCC4F372F}.Release|Any CPU.Build.0 = Release|Any CPU
	EndGlobalSection
	GlobalSection(SolutionProperties) = preSolution
		HideSolutionNode = FALSE
	EndGlobalSection
	GlobalSection(ExtensibilityGlobals) = postSolution
		SolutionGuid = {F49A0BA8-EE99-4BF0-AF28-505485AA2C06}
	EndGlobalSection
EndGlobal
